
Microsoft Visual Studio Solution File, Format Version 12.00
# Visual Studio Version 16
VisualStudioVersion = 16.0.31205.134
MinimumVisualStudioVersion = 10.0.40219.1
Project("{2150E333-8FDC-42A3-9474-1A3956D46DE8}") = "Services", "Services", "{357CC6FB-ADBF-473D-AC7F-0706CD48D52D}"
EndProject
Project("{2150E333-8FDC-42A3-9474-1A3956D46DE8}") = "Catalog", "Catalog", "{75954791-94AF-4F9F-801E-398A6DA89B7C}"
EndProject
Project("{9A19103F-16F7-4668-BE54-9A1E7A4F7556}") = "Catalog.API", "Services\Catalog\Catalog.API\Catalog.API.csproj", "{BEDEA1F9-0CF6-4C46-A77A-1647696838E8}"
EndProject
Project("{E53339B2-1760-4266-BCC7-CA923CBCF16C}") = "docker-compose", "docker-compose.dcproj", "{1926136E-2A29-4B70-A028-466DB76F9869}"
EndProject
Project("{2150E333-8FDC-42A3-9474-1A3956D46DE8}") = "Basket", "Basket", "{45E8D99A-F61C-4165-AC93-2E8C75D27AE2}"
EndProject
Project("{9A19103F-16F7-4668-BE54-9A1E7A4F7556}") = "Basket.Api", "Services\Basket\Basket.Api\Basket.Api.csproj", "{D6D7C32D-F602-4179-B477-A74B3010BDD7}"
EndProject
Project("{2150E333-8FDC-42A3-9474-1A3956D46DE8}") = "Discount", "Discount", "{D64D1743-0927-4B3B-9987-73A48CD3549C}"
EndProject
Project("{9A19103F-16F7-4668-BE54-9A1E7A4F7556}") = "Discount.API", "Services\Discount\Discount.API\Discount.API.csproj", "{D574078D-EF70-40AC-AAF6-120561FFB15C}"
EndProject
Project("{9A19103F-16F7-4668-BE54-9A1E7A4F7556}") = "Discount.Grpc", "Services\Discount\Discount.Grpc\Discount.Grpc.csproj", "{EE0C7522-916E-4983-B8C8-B0EE98C160BA}"
EndProject
Project("{2150E333-8FDC-42A3-9474-1A3956D46DE8}") = "Order", "Order", "{1542DC1C-2188-4C9B-B739-B440C95D315D}"
EndProject
Project("{9A19103F-16F7-4668-BE54-9A1E7A4F7556}") = "Order.API", "Services\Order\Order.API\Order.API.csproj", "{2462911C-D09A-4644-8D58-A988C16A0F75}"
EndProject
Project("{9A19103F-16F7-4668-BE54-9A1E7A4F7556}") = "Order.Domain", "Services\Order\Order.Domain\Order.Domain.csproj", "{FC80414C-76C0-4D0D-AED1-D9C0043D9EE7}"
EndProject
Project("{9A19103F-16F7-4668-BE54-9A1E7A4F7556}") = "Order.Application", "Services\Order\Order.Application\Order.Application.csproj", "{716A2A9E-2DEB-4431-832E-C43A15ADB70C}"
EndProject
Project("{9A19103F-16F7-4668-BE54-9A1E7A4F7556}") = "Order.Infrastructure", "Services\Order\Order.Infrastructure\Order.Infrastructure.csproj", "{D9055D3F-C0D2-4AAA-AA6F-85F0D98933FB}"
EndProject
Project("{2150E333-8FDC-42A3-9474-1A3956D46DE8}") = "BuildingBlocks", "BuildingBlocks", "{51C17CA2-3BC5-4D5C-A12C-9F972E033331}"
EndProject
Project("{9A19103F-16F7-4668-BE54-9A1E7A4F7556}") = "EventBus.Messages", "BuildingBlocks\EventBus.Messages\EventBus.Messages.csproj", "{8DBB9D69-85E9-416F-8345-1C111A11A1AE}"
EndProject
Project("{2150E333-8FDC-42A3-9474-1A3956D46DE8}") = "ApiGateways", "ApiGateways", "{B9B36B37-7DEC-476D-8E85-E4C869C958C5}"
EndProject
Project("{9A19103F-16F7-4668-BE54-9A1E7A4F7556}") = "OcelotApiGW", "ApiGateways\OcelotApiGW\OcelotApiGW.csproj", "{F3E8E97E-D99E-4BBE-8093-5BF8C49FC148}"
EndProject
Project("{9A19103F-16F7-4668-BE54-9A1E7A4F7556}") = "Shopping.Aggregator", "ApiGateways\Shopping.Aggregator\Shopping.Aggregator.csproj", "{DD2ECF5D-9D58-4197-8F48-94CDFDCA9750}"
EndProject
Project("{2150E333-8FDC-42A3-9474-1A3956D46DE8}") = "IdentityServer", "IdentityServer", "{3A2FD2FA-1776-45C7-8758-477A586179A8}"
EndProject
Project("{FAE04EC0-301F-11D3-BF4B-00C04F79EFBC}") = "IdentityServer", "IdentityServer\IdentityServer.csproj", "{CDD52BAA-FFD2-435D-A5D0-306D49002E00}"
EndProject
Global
	GlobalSection(SolutionConfigurationPlatforms) = preSolution
		Debug|Any CPU = Debug|Any CPU
		Release|Any CPU = Release|Any CPU
	EndGlobalSection
	GlobalSection(ProjectConfigurationPlatforms) = postSolution
		{BEDEA1F9-0CF6-4C46-A77A-1647696838E8}.Debug|Any CPU.ActiveCfg = Debug|Any CPU
		{BEDEA1F9-0CF6-4C46-A77A-1647696838E8}.Debug|Any CPU.Build.0 = Debug|Any CPU
		{BEDEA1F9-0CF6-4C46-A77A-1647696838E8}.Release|Any CPU.ActiveCfg = Release|Any CPU
		{BEDEA1F9-0CF6-4C46-A77A-1647696838E8}.Release|Any CPU.Build.0 = Release|Any CPU
		{1926136E-2A29-4B70-A028-466DB76F9869}.Debug|Any CPU.ActiveCfg = Debug|Any CPU
		{1926136E-2A29-4B70-A028-466DB76F9869}.Debug|Any CPU.Build.0 = Debug|Any CPU
		{1926136E-2A29-4B70-A028-466DB76F9869}.Release|Any CPU.ActiveCfg = Release|Any CPU
		{1926136E-2A29-4B70-A028-466DB76F9869}.Release|Any CPU.Build.0 = Release|Any CPU
		{D6D7C32D-F602-4179-B477-A74B3010BDD7}.Debug|Any CPU.ActiveCfg = Debug|Any CPU
		{D6D7C32D-F602-4179-B477-A74B3010BDD7}.Debug|Any CPU.Build.0 = Debug|Any CPU
		{D6D7C32D-F602-4179-B477-A74B3010BDD7}.Release|Any CPU.ActiveCfg = Release|Any CPU
		{D6D7C32D-F602-4179-B477-A74B3010BDD7}.Release|Any CPU.Build.0 = Release|Any CPU
		{D574078D-EF70-40AC-AAF6-120561FFB15C}.Debug|Any CPU.ActiveCfg = Debug|Any CPU
		{D574078D-EF70-40AC-AAF6-120561FFB15C}.Debug|Any CPU.Build.0 = Debug|Any CPU
		{D574078D-EF70-40AC-AAF6-120561FFB15C}.Release|Any CPU.ActiveCfg = Release|Any CPU
		{D574078D-EF70-40AC-AAF6-120561FFB15C}.Release|Any CPU.Build.0 = Release|Any CPU
		{EE0C7522-916E-4983-B8C8-B0EE98C160BA}.Debug|Any CPU.ActiveCfg = Debug|Any CPU
		{EE0C7522-916E-4983-B8C8-B0EE98C160BA}.Debug|Any CPU.Build.0 = Debug|Any CPU
		{EE0C7522-916E-4983-B8C8-B0EE98C160BA}.Release|Any CPU.ActiveCfg = Release|Any CPU
		{EE0C7522-916E-4983-B8C8-B0EE98C160BA}.Release|Any CPU.Build.0 = Release|Any CPU
		{2462911C-D09A-4644-8D58-A988C16A0F75}.Debug|Any CPU.ActiveCfg = Debug|Any CPU
		{2462911C-D09A-4644-8D58-A988C16A0F75}.Debug|Any CPU.Build.0 = Debug|Any CPU
		{2462911C-D09A-4644-8D58-A988C16A0F75}.Release|Any CPU.ActiveCfg = Release|Any CPU
		{2462911C-D09A-4644-8D58-A988C16A0F75}.Release|Any CPU.Build.0 = Release|Any CPU
		{FC80414C-76C0-4D0D-AED1-D9C0043D9EE7}.Debug|Any CPU.ActiveCfg = Debug|Any CPU
		{FC80414C-76C0-4D0D-AED1-D9C0043D9EE7}.Debug|Any CPU.Build.0 = Debug|Any CPU
		{FC80414C-76C0-4D0D-AED1-D9C0043D9EE7}.Release|Any CPU.ActiveCfg = Release|Any CPU
		{FC80414C-76C0-4D0D-AED1-D9C0043D9EE7}.Release|Any CPU.Build.0 = Release|Any CPU
		{716A2A9E-2DEB-4431-832E-C43A15ADB70C}.Debug|Any CPU.ActiveCfg = Debug|Any CPU
		{716A2A9E-2DEB-4431-832E-C43A15ADB70C}.Debug|Any CPU.Build.0 = Debug|Any CPU
		{716A2A9E-2DEB-4431-832E-C43A15ADB70C}.Release|Any CPU.ActiveCfg = Release|Any CPU
		{716A2A9E-2DEB-4431-832E-C43A15ADB70C}.Release|Any CPU.Build.0 = Release|Any CPU
		{D9055D3F-C0D2-4AAA-AA6F-85F0D98933FB}.Debug|Any CPU.ActiveCfg = Debug|Any CPU
		{D9055D3F-C0D2-4AAA-AA6F-85F0D98933FB}.Debug|Any CPU.Build.0 = Debug|Any CPU
		{D9055D3F-C0D2-4AAA-AA6F-85F0D98933FB}.Release|Any CPU.ActiveCfg = Release|Any CPU
		{D9055D3F-C0D2-4AAA-AA6F-85F0D98933FB}.Release|Any CPU.Build.0 = Release|Any CPU
		{8DBB9D69-85E9-416F-8345-1C111A11A1AE}.Debug|Any CPU.ActiveCfg = Debug|Any CPU
		{8DBB9D69-85E9-416F-8345-1C111A11A1AE}.Debug|Any CPU.Build.0 = Debug|Any CPU
		{8DBB9D69-85E9-416F-8345-1C111A11A1AE}.Release|Any CPU.ActiveCfg = Release|Any CPU
		{8DBB9D69-85E9-416F-8345-1C111A11A1AE}.Release|Any CPU.Build.0 = Release|Any CPU
		{F3E8E97E-D99E-4BBE-8093-5BF8C49FC148}.Debug|Any CPU.ActiveCfg = Debug|Any CPU
		{F3E8E97E-D99E-4BBE-8093-5BF8C49FC148}.Debug|Any CPU.Build.0 = Debug|Any CPU
		{F3E8E97E-D99E-4BBE-8093-5BF8C49FC148}.Release|Any CPU.ActiveCfg = Release|Any CPU
		{F3E8E97E-D99E-4BBE-8093-5BF8C49FC148}.Release|Any CPU.Build.0 = Release|Any CPU
		{DD2ECF5D-9D58-4197-8F48-94CDFDCA9750}.Debug|Any CPU.ActiveCfg = Debug|Any CPU
		{DD2ECF5D-9D58-4197-8F48-94CDFDCA9750}.Debug|Any CPU.Build.0 = Debug|Any CPU
		{DD2ECF5D-9D58-4197-8F48-94CDFDCA9750}.Release|Any CPU.ActiveCfg = Release|Any CPU
		{DD2ECF5D-9D58-4197-8F48-94CDFDCA9750}.Release|Any CPU.Build.0 = Release|Any CPU
		{CDD52BAA-FFD2-435D-A5D0-306D49002E00}.Debug|Any CPU.ActiveCfg = Debug|Any CPU
		{CDD52BAA-FFD2-435D-A5D0-306D49002E00}.Debug|Any CPU.Build.0 = Debug|Any CPU
		{CDD52BAA-FFD2-435D-A5D0-306D49002E00}.Release|Any CPU.ActiveCfg = Release|Any CPU
		{CDD52BAA-FFD2-435D-A5D0-306D49002E00}.Release|Any CPU.Build.0 = Release|Any CPU
	EndGlobalSection
	GlobalSection(SolutionProperties) = preSolution
		HideSolutionNode = FALSE
	EndGlobalSection
	GlobalSection(NestedProjects) = preSolution
		{75954791-94AF-4F9F-801E-398A6DA89B7C} = {357CC6FB-ADBF-473D-AC7F-0706CD48D52D}
		{BEDEA1F9-0CF6-4C46-A77A-1647696838E8} = {75954791-94AF-4F9F-801E-398A6DA89B7C}
		{45E8D99A-F61C-4165-AC93-2E8C75D27AE2} = {357CC6FB-ADBF-473D-AC7F-0706CD48D52D}
		{D6D7C32D-F602-4179-B477-A74B3010BDD7} = {45E8D99A-F61C-4165-AC93-2E8C75D27AE2}
		{D64D1743-0927-4B3B-9987-73A48CD3549C} = {357CC6FB-ADBF-473D-AC7F-0706CD48D52D}
		{D574078D-EF70-40AC-AAF6-120561FFB15C} = {D64D1743-0927-4B3B-9987-73A48CD3549C}
		{EE0C7522-916E-4983-B8C8-B0EE98C160BA} = {D64D1743-0927-4B3B-9987-73A48CD3549C}
		{1542DC1C-2188-4C9B-B739-B440C95D315D} = {357CC6FB-ADBF-473D-AC7F-0706CD48D52D}
		{2462911C-D09A-4644-8D58-A988C16A0F75} = {1542DC1C-2188-4C9B-B739-B440C95D315D}
		{FC80414C-76C0-4D0D-AED1-D9C0043D9EE7} = {1542DC1C-2188-4C9B-B739-B440C95D315D}
		{716A2A9E-2DEB-4431-832E-C43A15ADB70C} = {1542DC1C-2188-4C9B-B739-B440C95D315D}
		{D9055D3F-C0D2-4AAA-AA6F-85F0D98933FB} = {1542DC1C-2188-4C9B-B739-B440C95D315D}
		{8DBB9D69-85E9-416F-8345-1C111A11A1AE} = {51C17CA2-3BC5-4D5C-A12C-9F972E033331}
		{F3E8E97E-D99E-4BBE-8093-5BF8C49FC148} = {B9B36B37-7DEC-476D-8E85-E4C869C958C5}
		{DD2ECF5D-9D58-4197-8F48-94CDFDCA9750} = {B9B36B37-7DEC-476D-8E85-E4C869C958C5}
		{CDD52BAA-FFD2-435D-A5D0-306D49002E00} = {3A2FD2FA-1776-45C7-8758-477A586179A8}
	EndGlobalSection
	GlobalSection(ExtensibilityGlobals) = postSolution
		SolutionGuid = {5C7B0E28-287F-4AD9-AC62-644AB07D7CD4}
	EndGlobalSection
EndGlobal
